Microsoft Visual Studio Solution File, Format Version 11.00
# Visual Studio 2008

Project("{D29B15E6-4239-81EB-69D4-80ABE3EB4B17}") = "TurkeyGJ2016winter", "Assembly-CSharp.csproj", "{1C5687A1-ABA4-049E-256D-E8BE26A0A1B0}"
EndProject
Project("{D29B15E6-4239-81EB-69D4-80ABE3EB4B17}") = "TurkeyGJ2016winter", "Assembly-CSharp-Editor.csproj", "{94AC0CD6-58CD-4850-8D97-3EA320797EB9}"
EndProject
Global
	GlobalSection(SolutionConfigurationPlatforms) = preSolution
		Debug|Any CPU = Debug|Any CPU
		Release|Any CPU = Release|Any CPU
	EndGlobalSection
	GlobalSection(ProjectConfigurationPlatforms) = postSolution
		{1C5687A1-ABA4-049E-256D-E8BE26A0A1B0}.Debug|Any CPU.ActiveCfg = Debug|Any CPU
		{1C5687A1-ABA4-049E-256D-E8BE26A0A1B0}.Debug|Any CPU.Build.0 = Debug|Any CPU
		{1C5687A1-ABA4-049E-256D-E8BE26A0A1B0}.Release|Any CPU.ActiveCfg = Release|Any CPU
		{1C5687A1-ABA4-049E-256D-E8BE26A0A1B0}.Release|Any CPU.Build.0 = Release|Any CPU
		{94AC0CD6-58CD-4850-8D97-3EA320797EB9}.Debug|Any CPU.ActiveCfg = Debug|Any CPU
		{94AC0CD6-58CD-4850-8D97-3EA320797EB9}.Debug|Any CPU.Build.0 = Debug|Any CPU
		{94AC0CD6-58CD-4850-8D97-3EA320797EB9}.Release|Any CPU.ActiveCfg = Release|Any CPU
		{94AC0CD6-58CD-4850-8D97-3EA320797EB9}.Release|Any CPU.Build.0 = Release|Any CPU
	EndGlobalSection
	GlobalSection(SolutionProperties) = preSolution
		HideSolutionNode = FALSE
	EndGlobalSection
	GlobalSection(MonoDevelopProperties) = preSolution
		StartupItem = Assembly-CSharp.csproj
	EndGlobalSection
EndGlobal
